# THIS IS AN AUTOGENERATED FILE. DO NOT EDIT THIS FILE DIRECTLY.
# yarn lockfile v1


cli-interact@^0.1.9:
  version "0.1.9"
  resolved "https://registry.yarnpkg.com/cli-interact/-/cli-interact-0.1.9.tgz#e58ae8505bbf7ed2e12671057cd559b12fdce28f"
  integrity sha512-QHrR2djQOfT1WfHSj9DidBGp+ImgV3t9dTP4cPWTnt9fnOcZqBzCoqd2RysWSIgUXuer5WpmKuT1jqjvwoxdCQ==
  dependencies:
    readline-sync "~0.4.9"

readline-sync@~0.4.9:
  version "0.4.10"
  resolved "https://registry.yarnpkg.com/readline-sync/-/readline-sync-0.4.10.tgz#bef03d993eca3585fd064f5d56d7276765dfc121"
  integrity sha512-q/RyXCZ+49a7octyBMENisHi11JVcnNORLDKEdKEzUnBBiszElOtdCY+wJKPCnwHuh/8+yfDoptGL7D79yUOLw==
